
Microsoft Visual Studio Solution File, Format Version 12.00
# Visual Studio Version 17
VisualStudioVersion = 17.2.32505.173
MinimumVisualStudioVersion = 10.0.40219.1
Project("{9A19103F-16F7-4668-BE54-9A1E7A4F7556}") = "WarframeMod", "WarframeMod.csproj", "{8B6B3EC2-6017-45F6-9D73-C15AE8240C48}"
EndProject
Global
	GlobalSection(SolutionConfigurationPlatforms) = preSolution
		Debug|Any CPU = Debug|Any CPU
		Release|Any CPU = Release|Any CPU
	EndGlobalSection
	GlobalSection(ProjectConfigurationPlatforms) = postSolution
		{8B6B3EC2-6017-45F6-9D73-C15AE8240C48}.Debug|Any CPU.ActiveCfg = Debug|Any CPU
		{8B6B3EC2-6017-45F6-9D73-C15AE8240C48}.Debug|Any CPU.Build.0 = Debug|Any CPU
		{8B6B3EC2-6017-45F6-9D73-C15AE8240C48}.Release|Any CPU.ActiveCfg = Release|Any CPU
		{8B6B3EC2-6017-45F6-9D73-C15AE8240C48}.Release|Any CPU.Build.0 = Release|Any CPU
	EndGlobalSection
	GlobalSection(SolutionProperties) = preSolution
		HideSolutionNode = FALSE
	EndGlobalSection
	GlobalSection(ExtensibilityGlobals) = postSolution
		SolutionGuid = {FFF7F0DC-EA81-4978-940C-19881E4334C2}
	EndGlobalSection
EndGlobal
